
Microsoft Visual Studio Solution File, Format Version 12.00
# Visual Studio 15
VisualStudioVersion = 15.0.27703.2035
MinimumVisualStudioVersion = 10.0.40219.1
Project("{FAE04EC0-301F-11D3-BF4B-00C04F79EFBC}") = "Robotic_Arm_ver1", "Robotic_Arm_ver1\Robotic_Arm_ver1.csproj", "{C892DF6E-597B-4594-B79F-CCDF133FA129}"
EndProject
Global
	GlobalSection(SolutionConfigurationPlatforms) = preSolution
		Debug|Any CPU = Debug|Any CPU
		Release|Any CPU = Release|Any CPU
	EndGlobalSection
	GlobalSection(ProjectConfigurationPlatforms) = postSolution
		{C892DF6E-597B-4594-B79F-CCDF133FA129}.Debug|Any CPU.ActiveCfg = Debug|Any CPU
		{C892DF6E-597B-4594-B79F-CCDF133FA129}.Debug|Any CPU.Build.0 = Debug|Any CPU
		{C892DF6E-597B-4594-B79F-CCDF133FA129}.Release|Any CPU.ActiveCfg = Release|Any CPU
		{C892DF6E-597B-4594-B79F-CCDF133FA129}.Release|Any CPU.Build.0 = Release|Any CPU
	EndGlobalSection
	GlobalSection(SolutionProperties) = preSolution
		HideSolutionNode = FALSE
	EndGlobalSection
	GlobalSection(ExtensibilityGlobals) = postSolution
		SolutionGuid = {E5C75037-0F47-41EC-85B2-AAA7F03509F5}
	EndGlobalSection
EndGlobal
